
Microsoft Visual Studio Solution File, Format Version 12.00
# Visual Studio Version 16
VisualStudioVersion = 16.0.29926.136
MinimumVisualStudioVersion = 10.0.40219.1
Project("{2150E333-8FDC-42A3-9474-1A3956D46DE8}") = "src", "src", "{586EA65A-842A-4F7C-B40B-6223CB573843}"
ProjectSection(SolutionItems) = preProject
	README.md = README.md
EndProjectSection
EndProject
Project("{9A19103F-16F7-4668-BE54-9A1E7A4F7556}") = "GodSharpOpcDaSample", "src\GodSharpOpcDaSample\GodSharpOpcDaSample.csproj", "{00DEC5A4-967C-455C-A1AB-42569FF5DA5C}"
EndProject
Global
	GlobalSection(SolutionConfigurationPlatforms) = preSolution
		|Any CPU = |Any CPU
	EndGlobalSection
	GlobalSection(ProjectConfigurationPlatforms) = postSolution
		{00DEC5A4-967C-455C-A1AB-42569FF5DA5C}.|Any CPU.ActiveCfg = Debug|Any CPU
		{00DEC5A4-967C-455C-A1AB-42569FF5DA5C}.|Any CPU.Build.0 = Debug|Any CPU
	EndGlobalSection
	GlobalSection(NestedProjects) = preSolution
		{00DEC5A4-967C-455C-A1AB-42569FF5DA5C} = {586EA65A-842A-4F7C-B40B-6223CB573843}
	EndGlobalSection
EndGlobal
